{
  "name": "src",
  "lockfileVersion": 2,
  "requires": true,
  "packages": {
    "": {
      "dependencies": {
        "color": "^4.2.3",
        "xterm": "^5.3.0",
        "xterm-addon-fit": "^0.8.0",
        "xterm-addon-ligatures": "^0.7.0",
        "xterm-addon-webgl": "^0.16.0"
      }
    },
    "node_modules/color": {
      "version": "4.2.3",
      "resolved": "https://registry.npmjs.org/color/-/color-4.2.3.tgz",
      "integrity": "sha512-1rXeuUUiGGrykh+CeBdu5Ie7OJwinCgQY0bc7GCRxy5xVHy+moaqkpL/jqQq0MtQOeYcrqEz4abc5f0KtU7W4A==",
      "dependencies": {
        "color-convert": "^2.0.1",
        "color-string": "^1.9.0"
      },
      "engines": {
        "node": ">=12.5.0"
      }
    },
    "node_modules/color-convert": {
      "version": "2.0.1",
      "resolved": "https://registry.npmjs.org/color-convert/-/color-convert-2.0.1.tgz",
      "integrity": "sha512-RRECPsj7iu/xb5oKYcsFHSppFNnsj/52OVTRKb4zP5onXwVF3zVmmToNcOfGC+CRDpfK/U584fMg38ZHCaElKQ==",
      "dependencies": {
        "color-name": "~1.1.4"
      },
      "engines": {
        "node": ">=7.0.0"
      }
    },
    "node_modules/color-name": {
      "version": "1.1.4",
      "resolved": "https://registry.npmjs.org/color-name/-/color-name-1.1.4.tgz",
      "integrity": "sha512-dOy+3AuW3a2wNbZHIuMZpTcgjGuLU/uBL/ubcZF9OXbDo8ff4O8yVp5Bf0efS8uEoYo5q4Fx7dY9OgQGXgAsQA=="
    },
    "node_modules/color-string": {
      "version": "1.9.1",
      "resolved": "https://registry.npmjs.org/color-string/-/color-string-1.9.1.tgz",
      "integrity": "sha512-shrVawQFojnZv6xM40anx4CkoDP+fZsw/ZerEMsW/pyzsRbElpsL/DBVW7q3ExxwusdNXI3lXpuhEZkzs8p5Eg==",
      "dependencies": {
        "color-name": "^1.0.0",
        "simple-swizzle": "^0.2.2"
      }
    },
    "node_modules/font-finder": {
      "version": "1.1.0",
      "resolved": "https://registry.npmjs.org/font-finder/-/font-finder-1.1.0.tgz",
      "integrity": "sha512-wpCL2uIbi6GurJbU7ZlQ3nGd61Ho+dSU6U83/xJT5UPFfN35EeCW/rOtS+5k+IuEZu2SYmHzDIPL9eA5tSYRAw==",
      "dependencies": {
        "get-system-fonts": "^2.0.0",
        "promise-stream-reader": "^1.0.1"
      },
      "engines": {
        "node": ">8.0.0"
      }
    },
    "node_modules/font-ligatures": {
      "version": "1.4.1",
      "resolved": "https://registry.npmjs.org/font-ligatures/-/font-ligatures-1.4.1.tgz",
      "integrity": "sha512-7W6zlfyhvCqShZ5ReUWqmSd9vBaUudW0Hxis+tqUjtHhsPU+L3Grf8mcZAtCiXHTzorhwdRTId2WeH/88gdFkw==",
      "dependencies": {
        "font-finder": "^1.0.3",
        "lru-cache": "^6.0.0",
        "opentype.js": "^0.8.0"
      },
      "engines": {
        "node": ">8.0.0"
      }
    },
    "node_modules/get-system-fonts": {
      "version": "2.0.2",
      "resolved": "https://registry.npmjs.org/get-system-fonts/-/get-system-fonts-2.0.2.tgz",
      "integrity": "sha512-zzlgaYnHMIEgHRrfC7x0Qp0Ylhw/sHpM6MHXeVBTYIsvGf5GpbnClB+Q6rAPdn+0gd2oZZIo6Tj3EaWrt4VhDQ==",
      "engines": {
        "node": ">8.0.0"
      }
    },
    "node_modules/is-arrayish": {
      "version": "0.3.2",
      "resolved": "https://registry.npmjs.org/is-arrayish/-/is-arrayish-0.3.2.tgz",
      "integrity": "sha512-eVRqCvVlZbuw3GrM63ovNSNAeA1K16kaR/LRY/92w0zxQ5/1YzwblUX652i4Xs9RwAGjW9d9y6X88t8OaAJfWQ=="
    },
    "node_modules/lru-cache": {
      "version": "6.0.0",
      "resolved": "https://registry.npmjs.org/lru-cache/-/lru-cache-6.0.0.tgz",
      "integrity": "sha512-Jo6dJ04CmSjuznwJSS3pUeWmd/H0ffTlkXXgwZi+eq1UCmqQwCh+eLsYOYCwY991i2Fah4h1BEMCx4qThGbsiA==",
      "dependencies": {
        "yallist": "^4.0.0"
      },
      "engines": {
        "node": ">=10"
      }
    },
    "node_modules/opentype.js": {
      "version": "0.8.0",
      "resolved": "https://registry.npmjs.org/opentype.js/-/opentype.js-0.8.0.tgz",
      "integrity": "sha512-FQHR4oGP+a0m/f6yHoRpBOIbn/5ZWxKd4D/djHVJu8+KpBTYrJda0b7mLcgDEMWXE9xBCJm+qb0yv6FcvPjukg==",
      "dependencies": {
        "tiny-inflate": "^1.0.2"
      },
      "bin": {
        "ot": "bin/ot"
      }
    },
    "node_modules/promise-stream-reader": {
      "version": "1.0.1",
      "resolved": "https://registry.npmjs.org/promise-stream-reader/-/promise-stream-reader-1.0.1.tgz",
      "integrity": "sha512-Tnxit5trUjBAqqZCGWwjyxhmgMN4hGrtpW3Oc/tRI4bpm/O2+ej72BB08l6JBnGQgVDGCLvHFGjGgQS6vzhwXg==",
      "engines": {
        "node": ">8.0.0"
      }
    },
    "node_modules/simple-swizzle": {
      "version": "0.2.2",
      "resolved": "https://registry.npmjs.org/simple-swizzle/-/simple-swizzle-0.2.2.tgz",
      "integrity": "sha512-JA//kQgZtbuY83m+xT+tXJkmJncGMTFT+C+g2h2R9uxkYIrE2yy9sgmcLhCnw57/WSD+Eh3J97FPEDFnbXnDUg==",
      "dependencies": {
        "is-arrayish": "^0.3.1"
      }
    },
    "node_modules/tiny-inflate": {
      "version": "1.0.3",
      "resolved": "https://registry.npmjs.org/tiny-inflate/-/tiny-inflate-1.0.3.tgz",
      "integrity": "sha512-pkY1fj1cKHb2seWDy0B16HeWyczlJA9/WW3u3c4z/NiWDsO3DOU5D7nhTLE9CF0yXv/QZFY7sEJmj24dK+Rrqw=="
    },
    "node_modules/xterm": {
      "version": "5.3.0",
      "resolved": "https://registry.npmjs.org/xterm/-/xterm-5.3.0.tgz",
      "integrity": "sha512-8QqjlekLUFTrU6x7xck1MsPzPA571K5zNqWm0M0oroYEWVOptZ0+ubQSkQ3uxIEhcIHRujJy6emDWX4A7qyFzg=="
    },
    "node_modules/xterm-addon-fit": {
      "version": "0.8.0",
      "resolved": "https://registry.npmjs.org/xterm-addon-fit/-/xterm-addon-fit-0.8.0.tgz",
      "integrity": "sha512-yj3Np7XlvxxhYF/EJ7p3KHaMt6OdwQ+HDu573Vx1lRXsVxOcnVJs51RgjZOouIZOczTsskaS+CpXspK81/DLqw==",
      "peerDependencies": {
        "xterm": "^5.0.0"
      }
    },
    "node_modules/xterm-addon-ligatures": {
      "version": "0.7.0",
      "resolved": "https://registry.npmjs.org/xterm-addon-ligatures/-/xterm-addon-ligatures-0.7.0.tgz",
      "integrity": "sha512-5HXKCN5vB8KkqLIloItZkYAwMWF4Y2yOQsc4oFUXOjV3GnZskZpH0W+8rJH+80wxLNym7OMpdmg3a/Vd/+owDg==",
      "dependencies": {
        "font-finder": "^1.1.0",
        "font-ligatures": "^1.4.1"
      },
      "engines": {
        "node": ">8.0.0"
      },
      "peerDependencies": {
        "xterm": "^5.0.0"
      }
    },
    "node_modules/xterm-addon-webgl": {
      "version": "0.16.0",
      "resolved": "https://registry.npmjs.org/xterm-addon-webgl/-/xterm-addon-webgl-0.16.0.tgz",
      "integrity": "sha512-E8cq1AiqNOv0M/FghPT+zPAEnvIQRDbAbkb04rRYSxUym69elPWVJ4sv22FCLBqM/3LcrmBLl/pELnBebVFKgA==",
      "peerDependencies": {
        "xterm": "^5.0.0"
      }
    },
    "node_modules/yallist": {
      "version": "4.0.0",
      "resolved": "https://registry.npmjs.org/yallist/-/yallist-4.0.0.tgz",
      "integrity": "sha512-3wdGidZyq5PB084XLES5TpOSRA3wjXAlIWMhum2kRcv/41Sn2emQ0dycQW4uZXLejwKvg6EsvbdlVL+FYEct7A=="
    }
  },
  "dependencies": {
    "color": {
      "version": "4.2.3",
      "resolved": "https://registry.npmjs.org/color/-/color-4.2.3.tgz",
      "integrity": "sha512-1rXeuUUiGGrykh+CeBdu5Ie7OJwinCgQY0bc7GCRxy5xVHy+moaqkpL/jqQq0MtQOeYcrqEz4abc5f0KtU7W4A==",
      "requires": {
        "color-convert": "^2.0.1",
        "color-string": "^1.9.0"
      }
    },
    "color-convert": {
      "version": "2.0.1",
      "resolved": "https://registry.npmjs.org/color-convert/-/color-convert-2.0.1.tgz",
      "integrity": "sha512-RRECPsj7iu/xb5oKYcsFHSppFNnsj/52OVTRKb4zP5onXwVF3zVmmToNcOfGC+CRDpfK/U584fMg38ZHCaElKQ==",
      "requires": {
        "color-name": "~1.1.4"
      }
    },
    "color-name": {
      "version": "1.1.4",
      "resolved": "https://registry.npmjs.org/color-name/-/color-name-1.1.4.tgz",
      "integrity": "sha512-dOy+3AuW3a2wNbZHIuMZpTcgjGuLU/uBL/ubcZF9OXbDo8ff4O8yVp5Bf0efS8uEoYo5q4Fx7dY9OgQGXgAsQA=="
    },
    "color-string": {
      "version": "1.9.1",
      "resolved": "https://registry.npmjs.org/color-string/-/color-string-1.9.1.tgz",
      "integrity": "sha512-shrVawQFojnZv6xM40anx4CkoDP+fZsw/ZerEMsW/pyzsRbElpsL/DBVW7q3ExxwusdNXI3lXpuhEZkzs8p5Eg==",
      "requires": {
        "color-name": "^1.0.0",
        "simple-swizzle": "^0.2.2"
      }
    },
    "font-finder": {
      "version": "1.1.0",
      "resolved": "https://registry.npmjs.org/font-finder/-/font-finder-1.1.0.tgz",
      "integrity": "sha512-wpCL2uIbi6GurJbU7ZlQ3nGd61Ho+dSU6U83/xJT5UPFfN35EeCW/rOtS+5k+IuEZu2SYmHzDIPL9eA5tSYRAw==",
      "requires": {
        "get-system-fonts": "^2.0.0",
        "promise-stream-reader": "^1.0.1"
      }
    },
    "font-ligatures": {
      "version": "1.4.1",
      "resolved": "https://registry.npmjs.org/font-ligatures/-/font-ligatures-1.4.1.tgz",
      "integrity": "sha512-7W6zlfyhvCqShZ5ReUWqmSd9vBaUudW0Hxis+tqUjtHhsPU+L3Grf8mcZAtCiXHTzorhwdRTId2WeH/88gdFkw==",
      "requires": {
        "font-finder": "^1.0.3",
        "lru-cache": "^6.0.0",
        "opentype.js": "^0.8.0"
      }
    },
    "get-system-fonts": {
      "version": "2.0.2",
      "resolved": "https://registry.npmjs.org/get-system-fonts/-/get-system-fonts-2.0.2.tgz",
      "integrity": "sha512-zzlgaYnHMIEgHRrfC7x0Qp0Ylhw/sHpM6MHXeVBTYIsvGf5GpbnClB+Q6rAPdn+0gd2oZZIo6Tj3EaWrt4VhDQ=="
    },
    "is-arrayish": {
      "version": "0.3.2",
      "resolved": "https://registry.npmjs.org/is-arrayish/-/is-arrayish-0.3.2.tgz",
      "integrity": "sha512-eVRqCvVlZbuw3GrM63ovNSNAeA1K16kaR/LRY/92w0zxQ5/1YzwblUX652i4Xs9RwAGjW9d9y6X88t8OaAJfWQ=="
    },
    "lru-cache": {
      "version": "6.0.0",
      "resolved": "https://registry.npmjs.org/lru-cache/-/lru-cache-6.0.0.tgz",
      "integrity": "sha512-Jo6dJ04CmSjuznwJSS3pUeWmd/H0ffTlkXXgwZi+eq1UCmqQwCh+eLsYOYCwY991i2Fah4h1BEMCx4qThGbsiA==",
      "requires": {
        "yallist": "^4.0.0"
      }
    },
    "opentype.js": {
      "version": "0.8.0",
      "resolved": "https://registry.npmjs.org/opentype.js/-/opentype.js-0.8.0.tgz",
      "integrity": "sha512-FQHR4oGP+a0m/f6yHoRpBOIbn/5ZWxKd4D/djHVJu8+KpBTYrJda0b7mLcgDEMWXE9xBCJm+qb0yv6FcvPjukg==",
      "requires": {
        "tiny-inflate": "^1.0.2"
      }
    },
    "promise-stream-reader": {
      "version": "1.0.1",
      "resolved": "https://registry.npmjs.org/promise-stream-reader/-/promise-stream-reader-1.0.1.tgz",
      "integrity": "sha512-Tnxit5trUjBAqqZCGWwjyxhmgMN4hGrtpW3Oc/tRI4bpm/O2+ej72BB08l6JBnGQgVDGCLvHFGjGgQS6vzhwXg=="
    },
    "simple-swizzle": {
      "version": "0.2.2",
      "resolved": "https://registry.npmjs.org/simple-swizzle/-/simple-swizzle-0.2.2.tgz",
      "integrity": "sha512-JA//kQgZtbuY83m+xT+tXJkmJncGMTFT+C+g2h2R9uxkYIrE2yy9sgmcLhCnw57/WSD+Eh3J97FPEDFnbXnDUg==",
      "requires": {
        "is-arrayish": "^0.3.1"
      }
    },
    "tiny-inflate": {
      "version": "1.0.3",
      "resolved": "https://registry.npmjs.org/tiny-inflate/-/tiny-inflate-1.0.3.tgz",
      "integrity": "sha512-pkY1fj1cKHb2seWDy0B16HeWyczlJA9/WW3u3c4z/NiWDsO3DOU5D7nhTLE9CF0yXv/QZFY7sEJmj24dK+Rrqw=="
    },
    "xterm": {
      "version": "5.3.0",
      "resolved": "https://registry.npmjs.org/xterm/-/xterm-5.3.0.tgz",
      "integrity": "sha512-8QqjlekLUFTrU6x7xck1MsPzPA571K5zNqWm0M0oroYEWVOptZ0+ubQSkQ3uxIEhcIHRujJy6emDWX4A7qyFzg=="
    },
    "xterm-addon-fit": {
      "version": "0.8.0",
      "resolved": "https://registry.npmjs.org/xterm-addon-fit/-/xterm-addon-fit-0.8.0.tgz",
      "integrity": "sha512-yj3Np7XlvxxhYF/EJ7p3KHaMt6OdwQ+HDu573Vx1lRXsVxOcnVJs51RgjZOouIZOczTsskaS+CpXspK81/DLqw==",
      "requires": {}
    },
    "xterm-addon-ligatures": {
      "version": "0.7.0",
      "resolved": "https://registry.npmjs.org/xterm-addon-ligatures/-/xterm-addon-ligatures-0.7.0.tgz",
      "integrity": "sha512-5HXKCN5vB8KkqLIloItZkYAwMWF4Y2yOQsc4oFUXOjV3GnZskZpH0W+8rJH+80wxLNym7OMpdmg3a/Vd/+owDg==",
      "requires": {
        "font-finder": "^1.1.0",
        "font-ligatures": "^1.4.1"
      }
    },
    "xterm-addon-webgl": {
      "version": "0.16.0",
      "resolved": "https://registry.npmjs.org/xterm-addon-webgl/-/xterm-addon-webgl-0.16.0.tgz",
      "integrity": "sha512-E8cq1AiqNOv0M/FghPT+zPAEnvIQRDbAbkb04rRYSxUym69elPWVJ4sv22FCLBqM/3LcrmBLl/pELnBebVFKgA==",
      "requires": {}
    },
    "yallist": {
      "version": "4.0.0",
      "resolved": "https://registry.npmjs.org/yallist/-/yallist-4.0.0.tgz",
      "integrity": "sha512-3wdGidZyq5PB084XLES5TpOSRA3wjXAlIWMhum2kRcv/41Sn2emQ0dycQW4uZXLejwKvg6EsvbdlVL+FYEct7A=="
    }
  }
}
